
Microsoft Visual Studio Solution File, Format Version 12.00
# Visual Studio Version 16
VisualStudioVersion = 16.0.28803.156
MinimumVisualStudioVersion = 10.0.40219.1
Project("{888888A0-9F3D-457C-B088-3A5042F75D52}") = "python-ext-vcpp", "python-ext-vcpp\python-ext-vcpp.pyproj", "{7529E0AD-F15A-46A4-808E-F2F70BEB2D15}"
EndProject
Project("{8BC9CEB8-8B4A-11D0-8D11-00A0C91BC942}") = "superfastcode", "superfastcode\superfastcode.vcxproj", "{613ECE8C-BD6C-46B3-8087-082054DF2828}"
EndProject
Project("{8BC9CEB8-8B4A-11D0-8D11-00A0C91BC942}") = "superfastcode2", "superfastcode2\superfastcode2.vcxproj", "{4B04BC03-ADF6-40A5-879B-65EC2AEBA9A4}"
EndProject
Global
	GlobalSection(SolutionConfigurationPlatforms) = preSolution
		Debug|Any CPU = Debug|Any CPU
		Debug|x64 = Debug|x64
		Debug|x86 = Debug|x86
		Release|Any CPU = Release|Any CPU
		Release|x64 = Release|x64
		Release|x86 = Release|x86
	EndGlobalSection
	GlobalSection(ProjectConfigurationPlatforms) = postSolution
		{7529E0AD-F15A-46A4-808E-F2F70BEB2D15}.Debug|Any CPU.ActiveCfg = Debug|Any CPU
		{7529E0AD-F15A-46A4-808E-F2F70BEB2D15}.Debug|x64.ActiveCfg = Debug|Any CPU
		{7529E0AD-F15A-46A4-808E-F2F70BEB2D15}.Debug|x86.ActiveCfg = Debug|Any CPU
		{7529E0AD-F15A-46A4-808E-F2F70BEB2D15}.Release|Any CPU.ActiveCfg = Release|Any CPU
		{7529E0AD-F15A-46A4-808E-F2F70BEB2D15}.Release|x64.ActiveCfg = Release|Any CPU
		{7529E0AD-F15A-46A4-808E-F2F70BEB2D15}.Release|x86.ActiveCfg = Release|Any CPU
		{613ECE8C-BD6C-46B3-8087-082054DF2828}.Debug|Any CPU.ActiveCfg = Debug|Win32
		{613ECE8C-BD6C-46B3-8087-082054DF2828}.Debug|x64.ActiveCfg = Debug|x64
		{613ECE8C-BD6C-46B3-8087-082054DF2828}.Debug|x64.Build.0 = Debug|x64
		{613ECE8C-BD6C-46B3-8087-082054DF2828}.Debug|x86.ActiveCfg = Debug|Win32
		{613ECE8C-BD6C-46B3-8087-082054DF2828}.Debug|x86.Build.0 = Debug|Win32
		{613ECE8C-BD6C-46B3-8087-082054DF2828}.Release|Any CPU.ActiveCfg = Release|Win32
		{613ECE8C-BD6C-46B3-8087-082054DF2828}.Release|x64.ActiveCfg = Release|x64
		{613ECE8C-BD6C-46B3-8087-082054DF2828}.Release|x64.Build.0 = Release|x64
		{613ECE8C-BD6C-46B3-8087-082054DF2828}.Release|x86.ActiveCfg = Release|Win32
		{613ECE8C-BD6C-46B3-8087-082054DF2828}.Release|x86.Build.0 = Release|Win32
		{4B04BC03-ADF6-40A5-879B-65EC2AEBA9A4}.Debug|Any CPU.ActiveCfg = Debug|Win32
		{4B04BC03-ADF6-40A5-879B-65EC2AEBA9A4}.Debug|x64.ActiveCfg = Debug|x64
		{4B04BC03-ADF6-40A5-879B-65EC2AEBA9A4}.Debug|x64.Build.0 = Debug|x64
		{4B04BC03-ADF6-40A5-879B-65EC2AEBA9A4}.Debug|x86.ActiveCfg = Debug|Win32
		{4B04BC03-ADF6-40A5-879B-65EC2AEBA9A4}.Debug|x86.Build.0 = Debug|Win32
		{4B04BC03-ADF6-40A5-879B-65EC2AEBA9A4}.Release|Any CPU.ActiveCfg = Release|Win32
		{4B04BC03-ADF6-40A5-879B-65EC2AEBA9A4}.Release|x64.ActiveCfg = Release|x64
		{4B04BC03-ADF6-40A5-879B-65EC2AEBA9A4}.Release|x64.Build.0 = Release|x64
		{4B04BC03-ADF6-40A5-879B-65EC2AEBA9A4}.Release|x86.ActiveCfg = Release|Win32
		{4B04BC03-ADF6-40A5-879B-65EC2AEBA9A4}.Release|x86.Build.0 = Release|Win32
	EndGlobalSection
	GlobalSection(SolutionProperties) = preSolution
		HideSolutionNode = FALSE
	EndGlobalSection
	GlobalSection(ExtensibilityGlobals) = postSolution
		SolutionGuid = {8B53EBA1-CFB6-449A-9AEA-6B04E1F822AA}
	EndGlobalSection
EndGlobal
